
Microsoft Visual Studio Solution File, Format Version 12.00
# Visual Studio Version 17
VisualStudioVersion = 17.9.34728.123
MinimumVisualStudioVersion = 10.0.40219.1
Project("{FAE04EC0-301F-11D3-BF4B-00C04F79EFBC}") = "JACKBLACK", "JACKBLACK.csproj", "{ECB7AD69-44B8-4413-A51E-E8288215D900}"
EndProject
Global
	GlobalSection(SolutionConfigurationPlatforms) = preSolution
		Debug|Any CPU = Debug|Any CPU
		Release|Any CPU = Release|Any CPU
	EndGlobalSection
	GlobalSection(ProjectConfigurationPlatforms) = postSolution
		{ECB7AD69-44B8-4413-A51E-E8288215D900}.Debug|Any CPU.ActiveCfg = Debug|Any CPU
		{ECB7AD69-44B8-4413-A51E-E8288215D900}.Debug|Any CPU.Build.0 = Debug|Any CPU
		{ECB7AD69-44B8-4413-A51E-E8288215D900}.Release|Any CPU.ActiveCfg = Release|Any CPU
		{ECB7AD69-44B8-4413-A51E-E8288215D900}.Release|Any CPU.Build.0 = Release|Any CPU
	EndGlobalSection
	GlobalSection(SolutionProperties) = preSolution
		HideSolutionNode = FALSE
	EndGlobalSection
	GlobalSection(ExtensibilityGlobals) = postSolution
		SolutionGuid = {DE05350F-A54F-48EE-A5CB-2FDB3E73A8D0}
	EndGlobalSection
EndGlobal
